
Microsoft Visual Studio Solution File, Format Version 12.00
# Visual Studio Version 16
VisualStudioVersion = 25.0.1706.14
MinimumVisualStudioVersion = 10.0.40219.1
Project("{FAE04EC0-301F-11D3-BF4B-00C04F79EFBC}") = "SchoolApp.Web", "SchoolApp.Web\SchoolApp.Web.csproj", "{E19FDA53-2FCE-4BE0-9C21-9E2C7AB20D99}"
EndProject
Project("{FAE04EC0-301F-11D3-BF4B-00C04F79EFBC}") = "SchoolApp.Common", "SchoolApp.Common\SchoolApp.Common.csproj", "{E83F1536-8BD9-4875-9DFC-DA1031B241F2}"
EndProject
Project("{FAE04EC0-301F-11D3-BF4B-00C04F79EFBC}") = "SchoolApp.Web.ViewModels", "ScoolApp.Web.ViewModels\SchoolApp.Web.ViewModels.csproj", "{62250234-DC4B-40FB-951F-719C2D4C0D83}"
EndProject
Project("{FAE04EC0-301F-11D3-BF4B-00C04F79EFBC}") = "SchoolApp.Data", "SchoolApp.Data\SchoolApp.Data.csproj", "{C903B770-277B-42FE-AC27-A36FFD15382A}"
EndProject
Project("{FAE04EC0-301F-11D3-BF4B-00C04F79EFBC}") = "SchoolApp.Data.Models", "SchoolApp.Data.Models\SchoolApp.Data.Models.csproj", "{697BFAF7-A168-43B0-9CA8-CCB6F535DFFC}"
EndProject
Project("{FAE04EC0-301F-11D3-BF4B-00C04F79EFBC}") = "SchoolApp.Services.Data", "SchoolApp.Services.Data\SchoolApp.Services.Data.csproj", "{888A4C1E-FBA8-4B1F-B4BA-25D283780EAD}"
EndProject
Project("{FAE04EC0-301F-11D3-BF4B-00C04F79EFBC}") = "SchoolApp.Web.Infrastructure", "SchoolApp.Web.Infrastructure\SchoolApp.Web.Infrastructure.csproj", "{185CF09C-8306-4C97-A1E5-FD7FF9BB2C13}"
EndProject
Project("{FAE04EC0-301F-11D3-BF4B-00C04F79EFBC}") = "SchoolApp.Services.Tests", "SchoolApp.Services.Tests\SchoolApp.Services.Tests.csproj", "{98F82DF0-6774-4A10-9E92-32F802C28C49}"
EndProject
Global
	GlobalSection(SolutionConfigurationPlatforms) = preSolution
		Debug|Any CPU = Debug|Any CPU
		Release|Any CPU = Release|Any CPU
	EndGlobalSection
	GlobalSection(ProjectConfigurationPlatforms) = postSolution
		{E19FDA53-2FCE-4BE0-9C21-9E2C7AB20D99}.Debug|Any CPU.ActiveCfg = Debug|Any CPU
		{E19FDA53-2FCE-4BE0-9C21-9E2C7AB20D99}.Debug|Any CPU.Build.0 = Debug|Any CPU
		{E19FDA53-2FCE-4BE0-9C21-9E2C7AB20D99}.Release|Any CPU.ActiveCfg = Release|Any CPU
		{E19FDA53-2FCE-4BE0-9C21-9E2C7AB20D99}.Release|Any CPU.Build.0 = Release|Any CPU
		{E83F1536-8BD9-4875-9DFC-DA1031B241F2}.Debug|Any CPU.ActiveCfg = Debug|Any CPU
		{E83F1536-8BD9-4875-9DFC-DA1031B241F2}.Debug|Any CPU.Build.0 = Debug|Any CPU
		{E83F1536-8BD9-4875-9DFC-DA1031B241F2}.Release|Any CPU.ActiveCfg = Release|Any CPU
		{E83F1536-8BD9-4875-9DFC-DA1031B241F2}.Release|Any CPU.Build.0 = Release|Any CPU
		{62250234-DC4B-40FB-951F-719C2D4C0D83}.Debug|Any CPU.ActiveCfg = Debug|Any CPU
		{62250234-DC4B-40FB-951F-719C2D4C0D83}.Debug|Any CPU.Build.0 = Debug|Any CPU
		{62250234-DC4B-40FB-951F-719C2D4C0D83}.Release|Any CPU.ActiveCfg = Release|Any CPU
		{62250234-DC4B-40FB-951F-719C2D4C0D83}.Release|Any CPU.Build.0 = Release|Any CPU
		{C903B770-277B-42FE-AC27-A36FFD15382A}.Debug|Any CPU.ActiveCfg = Debug|Any CPU
		{C903B770-277B-42FE-AC27-A36FFD15382A}.Debug|Any CPU.Build.0 = Debug|Any CPU
		{C903B770-277B-42FE-AC27-A36FFD15382A}.Release|Any CPU.ActiveCfg = Release|Any CPU
		{C903B770-277B-42FE-AC27-A36FFD15382A}.Release|Any CPU.Build.0 = Release|Any CPU
		{697BFAF7-A168-43B0-9CA8-CCB6F535DFFC}.Debug|Any CPU.ActiveCfg = Debug|Any CPU
		{697BFAF7-A168-43B0-9CA8-CCB6F535DFFC}.Debug|Any CPU.Build.0 = Debug|Any CPU
		{697BFAF7-A168-43B0-9CA8-CCB6F535DFFC}.Release|Any CPU.ActiveCfg = Release|Any CPU
		{697BFAF7-A168-43B0-9CA8-CCB6F535DFFC}.Release|Any CPU.Build.0 = Release|Any CPU
		{888A4C1E-FBA8-4B1F-B4BA-25D283780EAD}.Debug|Any CPU.ActiveCfg = Debug|Any CPU
		{888A4C1E-FBA8-4B1F-B4BA-25D283780EAD}.Debug|Any CPU.Build.0 = Debug|Any CPU
		{888A4C1E-FBA8-4B1F-B4BA-25D283780EAD}.Release|Any CPU.ActiveCfg = Release|Any CPU
		{888A4C1E-FBA8-4B1F-B4BA-25D283780EAD}.Release|Any CPU.Build.0 = Release|Any CPU
		{185CF09C-8306-4C97-A1E5-FD7FF9BB2C13}.Debug|Any CPU.ActiveCfg = Debug|Any CPU
		{185CF09C-8306-4C97-A1E5-FD7FF9BB2C13}.Debug|Any CPU.Build.0 = Debug|Any CPU
		{185CF09C-8306-4C97-A1E5-FD7FF9BB2C13}.Release|Any CPU.ActiveCfg = Release|Any CPU
		{185CF09C-8306-4C97-A1E5-FD7FF9BB2C13}.Release|Any CPU.Build.0 = Release|Any CPU
		{98F82DF0-6774-4A10-9E92-32F802C28C49}.Debug|Any CPU.ActiveCfg = Debug|Any CPU
		{98F82DF0-6774-4A10-9E92-32F802C28C49}.Debug|Any CPU.Build.0 = Debug|Any CPU
		{98F82DF0-6774-4A10-9E92-32F802C28C49}.Release|Any CPU.ActiveCfg = Release|Any CPU
		{98F82DF0-6774-4A10-9E92-32F802C28C49}.Release|Any CPU.Build.0 = Release|Any CPU
	EndGlobalSection
	GlobalSection(SolutionProperties) = preSolution
		HideSolutionNode = FALSE
	EndGlobalSection
	GlobalSection(ExtensibilityGlobals) = postSolution
		SolutionGuid = {4F082D9B-3875-4290-A977-8F6770433C32}
	EndGlobalSection
EndGlobal
