
Microsoft Visual Studio Solution File, Format Version 12.00
# Visual Studio Version 16
VisualStudioVersion = 25.0.1706.14
MinimumVisualStudioVersion = 10.0.40219.1
Project("{FAE04EC0-301F-11D3-BF4B-00C04F79EFBC}") = "SchoolApp.Web", "SchoolApp.Web\SchoolApp.Web.csproj", "{E19FDA53-2FCE-4BE0-9C21-9E2C7AB20D99}"
EndProject
Global
	GlobalSection(SolutionConfigurationPlatforms) = preSolution
		Debug|Any CPU = Debug|Any CPU
		Release|Any CPU = Release|Any CPU
	EndGlobalSection
	GlobalSection(ProjectConfigurationPlatforms) = postSolution
		{E19FDA53-2FCE-4BE0-9C21-9E2C7AB20D99}.Debug|Any CPU.ActiveCfg = Debug|Any CPU
		{E19FDA53-2FCE-4BE0-9C21-9E2C7AB20D99}.Debug|Any CPU.Build.0 = Debug|Any CPU
		{E19FDA53-2FCE-4BE0-9C21-9E2C7AB20D99}.Release|Any CPU.ActiveCfg = Release|Any CPU
		{E19FDA53-2FCE-4BE0-9C21-9E2C7AB20D99}.Release|Any CPU.Build.0 = Release|Any CPU
	EndGlobalSection
	GlobalSection(SolutionProperties) = preSolution
		HideSolutionNode = FALSE
	EndGlobalSection
	GlobalSection(ExtensibilityGlobals) = postSolution
		SolutionGuid = {4F082D9B-3875-4290-A977-8F6770433C32}
	EndGlobalSection
EndGlobal
